
Microsoft Visual Studio Solution File, Format Version 12.00
# Visual Studio Version 16
VisualStudioVersion = 16.0.30503.244
MinimumVisualStudioVersion = 10.0.40219.1
Project("{FAE04EC0-301F-11D3-BF4B-00C04F79EFBC}") = "busCheb_oldNetF", "busCheb\busCheb_oldNetF.csproj", "{CBD2F65B-80ED-4976-998C-312673F186D1}"
EndProject
Global
	GlobalSection(SolutionConfigurationPlatforms) = preSolution
		Debug|Any CPU = Debug|Any CPU
		Release|Any CPU = Release|Any CPU
	EndGlobalSection
	GlobalSection(ProjectConfigurationPlatforms) = postSolution
		{CBD2F65B-80ED-4976-998C-312673F186D1}.Debug|Any CPU.ActiveCfg = Debug|Any CPU
		{CBD2F65B-80ED-4976-998C-312673F186D1}.Debug|Any CPU.Build.0 = Debug|Any CPU
		{CBD2F65B-80ED-4976-998C-312673F186D1}.Release|Any CPU.ActiveCfg = Release|Any CPU
		{CBD2F65B-80ED-4976-998C-312673F186D1}.Release|Any CPU.Build.0 = Release|Any CPU
	EndGlobalSection
	GlobalSection(SolutionProperties) = preSolution
		HideSolutionNode = FALSE
	EndGlobalSection
	GlobalSection(ExtensibilityGlobals) = postSolution
		SolutionGuid = {78EDE34F-E563-4287-B555-A3D4E6280B68}
	EndGlobalSection
EndGlobal
